{
  "nodes": {
    "crane": {
      "flake": false,
      "locked": {
        "lastModified": 1654444508,
        "narHash": "sha256-4OBvQ4V7jyt7afs6iKUvRzJ1u/9eYnKzVQbeQdiamuY=",
        "owner": "ipetkov",
        "repo": "crane",
        "rev": "db5482bf225acc3160899124a1df5a617cfa27b5",
        "type": "github"
      },
      "original": {
        "owner": "ipetkov",
        "repo": "crane",
        "type": "github"
      }
    },
    "devshell": {
      "flake": false,
      "locked": {
        "lastModified": 1655976588,
        "narHash": "sha256-VreHyH6ITkf/1EX/8h15UqhddJnUleb0HgbC3gMkAEQ=",
        "owner": "numtide",
        "repo": "devshell",
        "rev": "899ca4629020592a13a46783587f6e674179d1db",
        "type": "github"
      },
      "original": {
        "owner": "numtide",
        "repo": "devshell",
        "type": "github"
      }
    },
    "dream2nix": {
      "inputs": {
        "alejandra": [
          "helix",
          "nixCargoIntegration",
          "nixpkgs"
        ],
        "crane": "crane",
        "devshell": [
          "helix",
          "nixCargoIntegration",
          "devshell"
        ],
        "flake-utils-pre-commit": [
          "helix",
          "nixCargoIntegration",
          "nixpkgs"
        ],
        "gomod2nix": [
          "helix",
          "nixCargoIntegration",
          "nixpkgs"
        ],
        "mach-nix": [
          "helix",
          "nixCargoIntegration",
          "nixpkgs"
        ],
        "nixpkgs": [
          "helix",
          "nixCargoIntegration",
          "nixpkgs"
        ],
        "node2nix": [
          "helix",
          "nixCargoIntegration",
          "nixpkgs"
        ],
        "poetry2nix": [
          "helix",
          "nixCargoIntegration",
          "nixpkgs"
        ],
        "pre-commit-hooks": [
          "helix",
          "nixCargoIntegration",
          "nixpkgs"
        ]
      },
      "locked": {
        "lastModified": 1655975833,
        "narHash": "sha256-g8sdfuglIZ24oWVbntVzniNTJW+Z3n9DNL9w9Tt+UCE=",
        "owner": "nix-community",
        "repo": "dream2nix",
        "rev": "4e75e665ec3a1cddae5266bed0dd72fce0b74a23",
        "type": "github"
      },
      "original": {
        "owner": "nix-community",
        "repo": "dream2nix",
        "type": "github"
      }
    },
    "erlang_ls": {
      "inputs": {
        "flake-utils": "flake-utils",
        "nixpkgs": [
          "nixpkgs"
        ]
      },
      "locked": {
        "lastModified": 1656788377,
        "narHash": "sha256-gFew+48pugq5l5UbO8nglB+1TJHz1w15tvqbTJODaUY=",
        "owner": "the-mikedavis",
        "repo": "erlang_ls",
        "rev": "129099bfa557c05c5b53765b266db12cde5e1a95",
        "type": "github"
      },
      "original": {
        "owner": "the-mikedavis",
        "ref": "nopr-flake-dap-fixes",
        "repo": "erlang_ls",
        "type": "github"
      }
    },
    "flake-compat": {
      "flake": false,
      "locked": {
        "lastModified": 1650374568,
        "narHash": "sha256-Z+s0J8/r907g149rllvwhb4pKi8Wam5ij0st8PwAh+E=",
        "owner": "edolstra",
        "repo": "flake-compat",
        "rev": "b4a34015c698c7793d592d66adbab377907a2be8",
        "type": "github"
      },
      "original": {
        "owner": "edolstra",
        "repo": "flake-compat",
        "type": "github"
      }
    },
    "flake-utils": {
      "locked": {
        "lastModified": 1656065134,
        "narHash": "sha256-oc6E6ByIw3oJaIyc67maaFcnjYOz1mMcOtHxbEf9NwQ=",
        "owner": "numtide",
        "repo": "flake-utils",
        "rev": "bee6a7250dd1b01844a2de7e02e4df7d8a0a206c",
        "type": "github"
      },
      "original": {
        "owner": "numtide",
        "repo": "flake-utils",
        "type": "github"
      }
    },
    "flake-utils_2": {
      "locked": {
        "lastModified": 1656065134,
        "narHash": "sha256-oc6E6ByIw3oJaIyc67maaFcnjYOz1mMcOtHxbEf9NwQ=",
        "owner": "numtide",
        "repo": "flake-utils",
        "rev": "bee6a7250dd1b01844a2de7e02e4df7d8a0a206c",
        "type": "github"
      },
      "original": {
        "owner": "numtide",
        "repo": "flake-utils",
        "type": "github"
      }
    },
    "flake-utils_3": {
      "locked": {
        "lastModified": 1637014545,
        "narHash": "sha256-26IZAc5yzlD9FlDT54io1oqG/bBoyka+FJk5guaX4x4=",
        "owner": "numtide",
        "repo": "flake-utils",
        "rev": "bba5dcc8e0b20ab664967ad83d24d64cb64ec4f4",
        "type": "github"
      },
      "original": {
        "owner": "numtide",
        "repo": "flake-utils",
        "type": "github"
      }
    },
    "helix": {
      "inputs": {
        "nixCargoIntegration": "nixCargoIntegration",
        "nixpkgs": [
          "nixpkgs"
        ],
        "rust-overlay": "rust-overlay"
      },
      "locked": {
        "lastModified": 1656763186,
        "narHash": "sha256-i9/wOYsIMsZFkNOKPiuA5IAxh8MeNP2dw3aTDyCUdRs=",
        "owner": "helix-editor",
        "repo": "helix",
        "rev": "9f43dbc45d254ff860f7d33db201b2f0a6073195",
        "type": "github"
      },
      "original": {
        "owner": "helix-editor",
        "repo": "helix",
        "type": "github"
      }
    },
    "nixCargoIntegration": {
      "inputs": {
        "devshell": "devshell",
        "dream2nix": "dream2nix",
        "nixpkgs": [
          "helix",
          "nixpkgs"
        ],
        "rust-overlay": [
          "helix",
          "rust-overlay"
        ]
      },
      "locked": {
        "lastModified": 1656453541,
        "narHash": "sha256-ZCPVnS6zJOZJvIlwU3rKR8MBVm6A3F4/0mA7G1lQ3D0=",
        "owner": "yusdacra",
        "repo": "nix-cargo-integration",
        "rev": "9eb74345b30cd2e536d9dac9d4435d3c475605c7",
        "type": "github"
      },
      "original": {
        "owner": "yusdacra",
        "repo": "nix-cargo-integration",
        "type": "github"
      }
    },
    "nixpkgs": {
      "locked": {
        "lastModified": 1656679828,
        "narHash": "sha256-akGA97pR1BAQew1FrVTCME3p8qvYxJXB2X3a13aBphs=",
        "owner": "nixos",
        "repo": "nixpkgs",
        "rev": "915f5a5b3cc4f8ba206afd0b70e52ba4c6a2796b",
        "type": "github"
      },
      "original": {
        "owner": "nixos",
        "ref": "nixos-22.05",
        "repo": "nixpkgs",
        "type": "github"
      }
    },
    "root": {
      "inputs": {
        "erlang_ls": "erlang_ls",
        "flake-compat": "flake-compat",
        "flake-utils": "flake-utils_2",
        "helix": "helix",
        "nixpkgs": "nixpkgs"
      }
    },
    "rust-overlay": {
      "inputs": {
        "flake-utils": "flake-utils_3",
        "nixpkgs": [
          "helix",
          "nixpkgs"
        ]
      },
      "locked": {
        "lastModified": 1655779671,
        "narHash": "sha256-6feeiGa6fb7ZPVHR71uswkmN1701TAJpwYQA8QffmRk=",
        "owner": "oxalica",
        "repo": "rust-overlay",
        "rev": "8159585609a772b041cce6019d5c21d240709244",
        "type": "github"
      },
      "original": {
        "owner": "oxalica",
        "repo": "rust-overlay",
        "type": "github"
      }
    }
  },
  "root": "root",
  "version": 7
}
